{
  "requires": true,
  "lockfileVersion": 1,
  "dependencies": {
    "moment": {
      "version": "2.19.1",
      "resolved": "https://registry.npmjs.org/moment/-/moment-2.19.1.tgz",
      "integrity": "sha1-VtoaLRy/AdOLfhr8McELz6GSkWc="
    },
    "vue-moment": {
      "version": "2.1.0",
      "resolved": "https://registry.npmjs.org/vue-moment/-/vue-moment-2.1.0.tgz",
      "integrity": "sha1-xzi1/nO+956xdnD/3epAgnXRhgk=",
      "requires": {
        "moment": "2.19.1"
      }
    }
  }
}
